
Microsoft Visual Studio Solution File, Format Version 12.00
# Visual Studio Version 16
VisualStudioVersion = 16.0.29709.97
MinimumVisualStudioVersion = 10.0.40219.1
Project("{FAE04EC0-301F-11D3-BF4B-00C04F79EFBC}") = "WebApplication1-AL1", "WebApplication1-AL1.csproj", "{5EDAEF94-B7EF-4550-AE8F-638073AB3709}"
EndProject
Global
	GlobalSection(SolutionConfigurationPlatforms) = preSolution
		Debug|Any CPU = Debug|Any CPU
		Release|Any CPU = Release|Any CPU
	EndGlobalSection
	GlobalSection(ProjectConfigurationPlatforms) = postSolution
		{5EDAEF94-B7EF-4550-AE8F-638073AB3709}.Debug|Any CPU.ActiveCfg = Debug|Any CPU
		{5EDAEF94-B7EF-4550-AE8F-638073AB3709}.Debug|Any CPU.Build.0 = Debug|Any CPU
		{5EDAEF94-B7EF-4550-AE8F-638073AB3709}.Release|Any CPU.ActiveCfg = Release|Any CPU
		{5EDAEF94-B7EF-4550-AE8F-638073AB3709}.Release|Any CPU.Build.0 = Release|Any CPU
	EndGlobalSection
	GlobalSection(SolutionProperties) = preSolution
		HideSolutionNode = FALSE
	EndGlobalSection
	GlobalSection(ExtensibilityGlobals) = postSolution
		SolutionGuid = {68EF5A6E-EAC8-40F0-AE3E-A2CE2D59D5BA}
	EndGlobalSection
EndGlobal
